// !$*UTF8*$!
{
	archiveVersion = 1;
	classes = {
	};
	objectVersion = 55;
	objects = {

/* Begin PBXBuildFile section */
		B71D6C5B28C1878D009ACF14 /* NYCSVDetailView.swift in Sources */ = {isa = PBXBuildFile; fileRef = B71D6C5A28C1878D009ACF14 /* NYCSVDetailView.swift */; };
		B71D6C5C28C1878D009ACF14 /* NYCSVDetailView.swift in Sources */ = {isa = PBXBuildFile; fileRef = B71D6C5A28C1878D009ACF14 /* NYCSVDetailView.swift */; };
		B71D6C5F28C1897A009ACF14 /* TestBundle.swift in Sources */ = {isa = PBXBuildFile; fileRef = B725164528C020EC0094F29B /* TestBundle.swift */; };
		B71D6C6128C263FE009ACF14 /* NYCSVListViewCell.swift in Sources */ = {isa = PBXBuildFile; fileRef = B71D6C6028C263FE009ACF14 /* NYCSVListViewCell.swift */; };
		B71D6C6228C263FE009ACF14 /* NYCSVListViewCell.swift in Sources */ = {isa = PBXBuildFile; fileRef = B71D6C6028C263FE009ACF14 /* NYCSVListViewCell.swift */; };
		B725163F28C020A80094F29B /* NYCSV_UnitTests.swift in Sources */ = {isa = PBXBuildFile; fileRef = B725163E28C020A80094F29B /* NYCSV_UnitTests.swift */; };
		B725164828C024870094F29B /* f9bf-2cp4.json in Resources */ = {isa = PBXBuildFile; fileRef = B725164728C024870094F29B /* f9bf-2cp4.json */; };
		B725164928C024870094F29B /* f9bf-2cp4.json in Resources */ = {isa = PBXBuildFile; fileRef = B725164728C024870094F29B /* f9bf-2cp4.json */; };
		B725164C28C026B90094F29B /* SchoolModel.swift in Sources */ = {isa = PBXBuildFile; fileRef = B725164B28C026B90094F29B /* SchoolModel.swift */; };
		B725164D28C026B90094F29B /* SchoolModel.swift in Sources */ = {isa = PBXBuildFile; fileRef = B725164B28C026B90094F29B /* SchoolModel.swift */; };
		B725164F28C027C90094F29B /* SharedModeling.swift in Sources */ = {isa = PBXBuildFile; fileRef = B725164E28C027C90094F29B /* SharedModeling.swift */; };
		B725165028C027C90094F29B /* SharedModeling.swift in Sources */ = {isa = PBXBuildFile; fileRef = B725164E28C027C90094F29B /* SharedModeling.swift */; };
		B725165228C029FB0094F29B /* SATScoresModel.swift in Sources */ = {isa = PBXBuildFile; fileRef = B725165128C029FB0094F29B /* SATScoresModel.swift */; };
		B725165328C029FB0094F29B /* SATScoresModel.swift in Sources */ = {isa = PBXBuildFile; fileRef = B725165128C029FB0094F29B /* SATScoresModel.swift */; };
		B725165528C02ACC0094F29B /* SchoolMetaPair.swift in Sources */ = {isa = PBXBuildFile; fileRef = B725165428C02ACC0094F29B /* SchoolMetaPair.swift */; };
		B725165628C02ACC0094F29B /* SchoolMetaPair.swift in Sources */ = {isa = PBXBuildFile; fileRef = B725165428C02ACC0094F29B /* SchoolMetaPair.swift */; };
		B725165928C034320094F29B /* README.md in Resources */ = {isa = PBXBuildFile; fileRef = B725165828C034320094F29B /* README.md */; };
		B725165A28C034320094F29B /* README.md in Resources */ = {isa = PBXBuildFile; fileRef = B725165828C034320094F29B /* README.md */; };
		B725165D28C0353F0094F29B /* Networking.swift in Sources */ = {isa = PBXBuildFile; fileRef = B725165C28C0353F0094F29B /* Networking.swift */; };
		B725165E28C0353F0094F29B /* Networking.swift in Sources */ = {isa = PBXBuildFile; fileRef = B725165C28C0353F0094F29B /* Networking.swift */; };
		B725166028C03A090094F29B /* NYCSV_NetworkTests.swift in Sources */ = {isa = PBXBuildFile; fileRef = B725165F28C03A090094F29B /* NYCSV_NetworkTests.swift */; };
		B725166428C03B110094F29B /* RequestVending.swift in Sources */ = {isa = PBXBuildFile; fileRef = B725166128C03B0C0094F29B /* RequestVending.swift */; };
		B725166528C03B110094F29B /* RequestVending.swift in Sources */ = {isa = PBXBuildFile; fileRef = B725166128C03B0C0094F29B /* RequestVending.swift */; };
		B725166728C043D90094F29B /* SchoolMetaFetcher.swift in Sources */ = {isa = PBXBuildFile; fileRef = B725166628C043D90094F29B /* SchoolMetaFetcher.swift */; };
		B725166828C043D90094F29B /* SchoolMetaFetcher.swift in Sources */ = {isa = PBXBuildFile; fileRef = B725166628C043D90094F29B /* SchoolMetaFetcher.swift */; };
		B725166C28C04DEA0094F29B /* NYCSVRoot.swift in Sources */ = {isa = PBXBuildFile; fileRef = B725166B28C04DEA0094F29B /* NYCSVRoot.swift */; };
		B725166D28C04DEA0094F29B /* NYCSVRoot.swift in Sources */ = {isa = PBXBuildFile; fileRef = B725166B28C04DEA0094F29B /* NYCSVRoot.swift */; };
		B725166F28C052B20094F29B /* NYCSVAppState.swift in Sources */ = {isa = PBXBuildFile; fileRef = B725166E28C052B20094F29B /* NYCSVAppState.swift */; };
		B725167028C052B20094F29B /* NYCSVAppState.swift in Sources */ = {isa = PBXBuildFile; fileRef = B725166E28C052B20094F29B /* NYCSVAppState.swift */; };
		B725168828C16CCF0094F29B /* NYCSVListView.swift in Sources */ = {isa = PBXBuildFile; fileRef = B725168728C16CCF0094F29B /* NYCSVListView.swift */; };
		B725168928C16CCF0094F29B /* NYCSVListView.swift in Sources */ = {isa = PBXBuildFile; fileRef = B725168728C16CCF0094F29B /* NYCSVListView.swift */; };
		B7B46B1B28C019F90004CA2D /* Tests_iOS.swift in Sources */ = {isa = PBXBuildFile; fileRef = B7B46B1A28C019F90004CA2D /* Tests_iOS.swift */; };
		B7B46B1D28C019F90004CA2D /* Tests_iOSLaunchTests.swift in Sources */ = {isa = PBXBuildFile; fileRef = B7B46B1C28C019F90004CA2D /* Tests_iOSLaunchTests.swift */; };
		B7B46B2928C019F90004CA2D /* Tests_macOSLaunchTests.swift in Sources */ = {isa = PBXBuildFile; fileRef = B7B46B2828C019F90004CA2D /* Tests_macOSLaunchTests.swift */; };
		B7B46B2A28C019F90004CA2D /* NYCSVApp.swift in Sources */ = {isa = PBXBuildFile; fileRef = B7B46B0228C019F80004CA2D /* NYCSVApp.swift */; };
		B7B46B2B28C019F90004CA2D /* NYCSVApp.swift in Sources */ = {isa = PBXBuildFile; fileRef = B7B46B0228C019F80004CA2D /* NYCSVApp.swift */; };
		B7B46B2E28C019F90004CA2D /* Assets.xcassets in Resources */ = {isa = PBXBuildFile; fileRef = B7B46B0428C019F90004CA2D /* Assets.xcassets */; };
		B7B46B2F28C019F90004CA2D /* Assets.xcassets in Resources */ = {isa = PBXBuildFile; fileRef = B7B46B0428C019F90004CA2D /* Assets.xcassets */; };
		B7B46B4028C01A5C0004CA2D /* SampleData.swift in Sources */ = {isa = PBXBuildFile; fileRef = B7B46B3F28C01A5C0004CA2D /* SampleData.swift */; };
		B7B46B4128C01A5C0004CA2D /* SampleData.swift in Sources */ = {isa = PBXBuildFile; fileRef = B7B46B3F28C01A5C0004CA2D /* SampleData.swift */; };
		B7B46B4328C01B4F0004CA2D /* s3k6-pzi2.json in Resources */ = {isa = PBXBuildFile; fileRef = B7B46B4228C01B4F0004CA2D /* s3k6-pzi2.json */; };
		B7B46B4428C01B4F0004CA2D /* s3k6-pzi2.json in Resources */ = {isa = PBXBuildFile; fileRef = B7B46B4228C01B4F0004CA2D /* s3k6-pzi2.json */; };
		B7B46B4628C01E400004CA2D /* Tests_NYCSV.swift in Sources */ = {isa = PBXBuildFile; fileRef = B7B46B4528C01E400004CA2D /* Tests_NYCSV.swift */; };
/* End PBXBuildFile section */

/* Begin PBXContainerItemProxy section */
		B725164028C020A80094F29B /* PBXContainerItemProxy */ = {
			isa = PBXContainerItemProxy;
			containerPortal = B7B46AFD28C019F80004CA2D /* Project object */;
			proxyType = 1;
			remoteGlobalIDString = B7B46B0E28C019F90004CA2D;
			remoteInfo = "NYCSV (macOS)";
		};
		B7B46B1728C019F90004CA2D /* PBXContainerItemProxy */ = {
			isa = PBXContainerItemProxy;
			containerPortal = B7B46AFD28C019F80004CA2D /* Project object */;
			proxyType = 1;
			remoteGlobalIDString = B7B46B0828C019F90004CA2D;
			remoteInfo = "NYCSV (iOS)";
		};
		B7B46B2328C019F90004CA2D /* PBXContainerItemProxy */ = {
			isa = PBXContainerItemProxy;
			containerPortal = B7B46AFD28C019F80004CA2D /* Project object */;
			proxyType = 1;
			remoteGlobalIDString = B7B46B0E28C019F90004CA2D;
			remoteInfo = "NYCSV (macOS)";
		};
/* End PBXContainerItemProxy section */

/* Begin PBXFileReference section */
		B71D6C5A28C1878D009ACF14 /* NYCSVDetailView.swift */ = {isa = PBXFileReference; lastKnownFileType = sourcecode.swift; path = NYCSVDetailView.swift; sourceTree = "<group>"; };
		B71D6C6028C263FE009ACF14 /* NYCSVListViewCell.swift */ = {isa = PBXFileReference; lastKnownFileType = sourcecode.swift; path = NYCSVListViewCell.swift; sourceTree = "<group>"; };
		B725163C28C020A80094F29B /* NYSCV Unit Tests.xctest */ = {isa = PBXFileReference; explicitFileType = wrapper.cfbundle; includeInIndex = 0; path = "NYSCV Unit Tests.xctest"; sourceTree = BUILT_PRODUCTS_DIR; };
		B725163E28C020A80094F29B /* NYCSV_UnitTests.swift */ = {isa = PBXFileReference; lastKnownFileType = sourcecode.swift; path = NYCSV_UnitTests.swift; sourceTree = "<group>"; };
		B725164528C020EC0094F29B /* TestBundle.swift */ = {isa = PBXFileReference; lastKnownFileType = sourcecode.swift; path = TestBundle.swift; sourceTree = "<group>"; };
		B725164728C024870094F29B /* f9bf-2cp4.json */ = {isa = PBXFileReference; fileEncoding = 4; lastKnownFileType = text.json; path = "f9bf-2cp4.json"; sourceTree = "<group>"; };
		B725164B28C026B90094F29B /* SchoolModel.swift */ = {isa = PBXFileReference; lastKnownFileType = sourcecode.swift; path = SchoolModel.swift; sourceTree = "<group>"; };
		B725164E28C027C90094F29B /* SharedModeling.swift */ = {isa = PBXFileReference; lastKnownFileType = sourcecode.swift; path = SharedModeling.swift; sourceTree = "<group>"; };
		B725165128C029FB0094F29B /* SATScoresModel.swift */ = {isa = PBXFileReference; lastKnownFileType = sourcecode.swift; path = SATScoresModel.swift; sourceTree = "<group>"; };
		B725165428C02ACC0094F29B /* SchoolMetaPair.swift */ = {isa = PBXFileReference; lastKnownFileType = sourcecode.swift; path = SchoolMetaPair.swift; sourceTree = "<group>"; };
		B725165828C034320094F29B /* README.md */ = {isa = PBXFileReference; fileEncoding = 4; lastKnownFileType = net.daringfireball.markdown; name = README.md; path = ../README.md; sourceTree = "<group>"; };
		B725165C28C0353F0094F29B /* Networking.swift */ = {isa = PBXFileReference; lastKnownFileType = sourcecode.swift; path = Networking.swift; sourceTree = "<group>"; };
		B725165F28C03A090094F29B /* NYCSV_NetworkTests.swift */ = {isa = PBXFileReference; lastKnownFileType = sourcecode.swift; path = NYCSV_NetworkTests.swift; sourceTree = "<group>"; };
		B725166128C03B0C0094F29B /* RequestVending.swift */ = {isa = PBXFileReference; lastKnownFileType = sourcecode.swift; path = RequestVending.swift; sourceTree = "<group>"; };
		B725166628C043D90094F29B /* SchoolMetaFetcher.swift */ = {isa = PBXFileReference; lastKnownFileType = sourcecode.swift; path = SchoolMetaFetcher.swift; sourceTree = "<group>"; };
		B725166B28C04DEA0094F29B /* NYCSVRoot.swift */ = {isa = PBXFileReference; lastKnownFileType = sourcecode.swift; path = NYCSVRoot.swift; sourceTree = "<group>"; };
		B725166E28C052B20094F29B /* NYCSVAppState.swift */ = {isa = PBXFileReference; lastKnownFileType = sourcecode.swift; path = NYCSVAppState.swift; sourceTree = "<group>"; };
		B725168728C16CCF0094F29B /* NYCSVListView.swift */ = {isa = PBXFileReference; lastKnownFileType = sourcecode.swift; path = NYCSVListView.swift; sourceTree = "<group>"; };
		B7B46B0228C019F80004CA2D /* NYCSVApp.swift */ = {isa = PBXFileReference; lastKnownFileType = sourcecode.swift; path = NYCSVApp.swift; sourceTree = "<group>"; };
		B7B46B0428C019F90004CA2D /* Assets.xcassets */ = {isa = PBXFileReference; lastKnownFileType = folder.assetcatalog; path = Assets.xcassets; sourceTree = "<group>"; };
		B7B46B0928C019F90004CA2D /* NYCSV.app */ = {isa = PBXFileReference; explicitFileType = wrapper.application; includeInIndex = 0; path = NYCSV.app; sourceTree = BUILT_PRODUCTS_DIR; };
		B7B46B0F28C019F90004CA2D /* NYCSV.app */ = {isa = PBXFileReference; explicitFileType = wrapper.application; includeInIndex = 0; path = NYCSV.app; sourceTree = BUILT_PRODUCTS_DIR; };
		B7B46B1128C019F90004CA2D /* macOS.entitlements */ = {isa = PBXFileReference; lastKnownFileType = text.plist.entitlements; path = macOS.entitlements; sourceTree = "<group>"; };
		B7B46B1628C019F90004CA2D /* Tests iOS.xctest */ = {isa = PBXFileReference; explicitFileType = wrapper.cfbundle; includeInIndex = 0; path = "Tests iOS.xctest"; sourceTree = BUILT_PRODUCTS_DIR; };
		B7B46B1A28C019F90004CA2D /* Tests_iOS.swift */ = {isa = PBXFileReference; lastKnownFileType = sourcecode.swift; path = Tests_iOS.swift; sourceTree = "<group>"; };
		B7B46B1C28C019F90004CA2D /* Tests_iOSLaunchTests.swift */ = {isa = PBXFileReference; lastKnownFileType = sourcecode.swift; path = Tests_iOSLaunchTests.swift; sourceTree = "<group>"; };
		B7B46B2228C019F90004CA2D /* Tests macOS.xctest */ = {isa = PBXFileReference; explicitFileType = wrapper.cfbundle; includeInIndex = 0; path = "Tests macOS.xctest"; sourceTree = BUILT_PRODUCTS_DIR; };
		B7B46B2828C019F90004CA2D /* Tests_macOSLaunchTests.swift */ = {isa = PBXFileReference; lastKnownFileType = sourcecode.swift; path = Tests_macOSLaunchTests.swift; sourceTree = "<group>"; };
		B7B46B3F28C01A5C0004CA2D /* SampleData.swift */ = {isa = PBXFileReference; lastKnownFileType = sourcecode.swift; path = SampleData.swift; sourceTree = "<group>"; };
		B7B46B4228C01B4F0004CA2D /* s3k6-pzi2.json */ = {isa = PBXFileReference; fileEncoding = 4; lastKnownFileType = text.json; path = "s3k6-pzi2.json"; sourceTree = "<group>"; };
		B7B46B4528C01E400004CA2D /* Tests_NYCSV.swift */ = {isa = PBXFileReference; lastKnownFileType = sourcecode.swift; path = Tests_NYCSV.swift; sourceTree = "<group>"; };
/* End PBXFileReference section */

/* Begin PBXFrameworksBuildPhase section */
		B725163928C020A80094F29B /* Frameworks */ = {
			isa = PBXFrameworksBuildPhase;
			buildActionMask = 2147483647;
			files = (
			);
			runOnlyForDeploymentPostprocessing = 0;
		};
		B7B46B0628C019F90004CA2D /* Frameworks */ = {
			isa = PBXFrameworksBuildPhase;
			buildActionMask = 2147483647;
			files = (
			);
			runOnlyForDeploymentPostprocessing = 0;
		};
		B7B46B0C28C019F90004CA2D /* Frameworks */ = {
			isa = PBXFrameworksBuildPhase;
			buildActionMask = 2147483647;
			files = (
			);
			runOnlyForDeploymentPostprocessing = 0;
		};
		B7B46B1328C019F90004CA2D /* Frameworks */ = {
			isa = PBXFrameworksBuildPhase;
			buildActionMask = 2147483647;
			files = (
			);
			runOnlyForDeploymentPostprocessing = 0;
		};
		B7B46B1F28C019F90004CA2D /* Frameworks */ = {
			isa = PBXFrameworksBuildPhase;
			buildActionMask = 2147483647;
			files = (
			);
			runOnlyForDeploymentPostprocessing = 0;
		};
/* End PBXFrameworksBuildPhase section */

/* Begin PBXGroup section */
		B71D6C5928C1876D009ACF14 /* Views */ = {
			isa = PBXGroup;
			children = (
				B725166B28C04DEA0094F29B /* NYCSVRoot.swift */,
				B71D6C6328C266E8009ACF14 /* ListView */,
				B71D6C6428C266F1009ACF14 /* DetailView */,
			);
			path = Views;
			sourceTree = "<group>";
		};
		B71D6C6328C266E8009ACF14 /* ListView */ = {
			isa = PBXGroup;
			children = (
				B725168728C16CCF0094F29B /* NYCSVListView.swift */,
				B71D6C6028C263FE009ACF14 /* NYCSVListViewCell.swift */,
			);
			path = ListView;
			sourceTree = "<group>";
		};
		B71D6C6428C266F1009ACF14 /* DetailView */ = {
			isa = PBXGroup;
			children = (
				B71D6C5A28C1878D009ACF14 /* NYCSVDetailView.swift */,
			);
			path = DetailView;
			sourceTree = "<group>";
		};
		B725163D28C020A80094F29B /* NYSCV Unit Tests */ = {
			isa = PBXGroup;
			children = (
				B725164528C020EC0094F29B /* TestBundle.swift */,
				B725163E28C020A80094F29B /* NYCSV_UnitTests.swift */,
				B725165F28C03A090094F29B /* NYCSV_NetworkTests.swift */,
			);
			path = "NYSCV Unit Tests";
			sourceTree = "<group>";
		};
		B725164A28C026A00094F29B /* API */ = {
			isa = PBXGroup;
			children = (
				B725165728C02C420094F29B /* Models */,
				B725165428C02ACC0094F29B /* SchoolMetaPair.swift */,
				B725166628C043D90094F29B /* SchoolMetaFetcher.swift */,
				B725164E28C027C90094F29B /* SharedModeling.swift */,
			);
			path = API;
			sourceTree = "<group>";
		};
		B725165728C02C420094F29B /* Models */ = {
			isa = PBXGroup;
			children = (
				B725166128C03B0C0094F29B /* RequestVending.swift */,
				B725164B28C026B90094F29B /* SchoolModel.swift */,
				B725165128C029FB0094F29B /* SATScoresModel.swift */,
			);
			path = Models;
			sourceTree = "<group>";
		};
		B725165B28C034EA0094F29B /* Networking */ = {
			isa = PBXGroup;
			children = (
				B725165C28C0353F0094F29B /* Networking.swift */,
			);
			path = Networking;
			sourceTree = "<group>";
		};
		B725166928C04DAE0094F29B /* AppBackend */ = {
			isa = PBXGroup;
			children = (
				B725165B28C034EA0094F29B /* Networking */,
				B725164A28C026A00094F29B /* API */,
				B7B46B3E28C01A460004CA2D /* SampleData */,
			);
			path = AppBackend;
			sourceTree = "<group>";
		};
		B725166A28C04DB90094F29B /* AppFrontend */ = {
			isa = PBXGroup;
			children = (
				B7B46B0228C019F80004CA2D /* NYCSVApp.swift */,
				B725167128C054720094F29B /* AppState */,
				B71D6C5928C1876D009ACF14 /* Views */,
			);
			path = AppFrontend;
			sourceTree = "<group>";
		};
		B725167128C054720094F29B /* AppState */ = {
			isa = PBXGroup;
			children = (
				B725166E28C052B20094F29B /* NYCSVAppState.swift */,
			);
			path = AppState;
			sourceTree = "<group>";
		};
		B7B46AFC28C019F80004CA2D = {
			isa = PBXGroup;
			children = (
				B725165828C034320094F29B /* README.md */,
				B7B46B0128C019F80004CA2D /* Shared */,
				B7B46B1028C019F90004CA2D /* macOS */,
				B7B46B1928C019F90004CA2D /* Tests iOS */,
				B7B46B2528C019F90004CA2D /* Tests macOS */,
				B725163D28C020A80094F29B /* NYSCV Unit Tests */,
				B7B46B0A28C019F90004CA2D /* Products */,
			);
			sourceTree = "<group>";
		};
		B7B46B0128C019F80004CA2D /* Shared */ = {
			isa = PBXGroup;
			children = (
				B725166928C04DAE0094F29B /* AppBackend */,
				B725166A28C04DB90094F29B /* AppFrontend */,
				B7B46B0428C019F90004CA2D /* Assets.xcassets */,
			);
			path = Shared;
			sourceTree = "<group>";
		};
		B7B46B0A28C019F90004CA2D /* Products */ = {
			isa = PBXGroup;
			children = (
				B7B46B0928C019F90004CA2D /* NYCSV.app */,
				B7B46B0F28C019F90004CA2D /* NYCSV.app */,
				B7B46B1628C019F90004CA2D /* Tests iOS.xctest */,
				B7B46B2228C019F90004CA2D /* Tests macOS.xctest */,
				B725163C28C020A80094F29B /* NYSCV Unit Tests.xctest */,
			);
			name = Products;
			sourceTree = "<group>";
		};
		B7B46B1028C019F90004CA2D /* macOS */ = {
			isa = PBXGroup;
			children = (
				B7B46B1128C019F90004CA2D /* macOS.entitlements */,
			);
			path = macOS;
			sourceTree = "<group>";
		};
		B7B46B1928C019F90004CA2D /* Tests iOS */ = {
			isa = PBXGroup;
			children = (
				B7B46B1A28C019F90004CA2D /* Tests_iOS.swift */,
				B7B46B1C28C019F90004CA2D /* Tests_iOSLaunchTests.swift */,
			);
			path = "Tests iOS";
			sourceTree = "<group>";
		};
		B7B46B2528C019F90004CA2D /* Tests macOS */ = {
			isa = PBXGroup;
			children = (
				B7B46B4528C01E400004CA2D /* Tests_NYCSV.swift */,
				B7B46B2828C019F90004CA2D /* Tests_macOSLaunchTests.swift */,
			);
			path = "Tests macOS";
			sourceTree = "<group>";
		};
		B7B46B3E28C01A460004CA2D /* SampleData */ = {
			isa = PBXGroup;
			children = (
				B7B46B3F28C01A5C0004CA2D /* SampleData.swift */,
				B7B46B4228C01B4F0004CA2D /* s3k6-pzi2.json */,
				B725164728C024870094F29B /* f9bf-2cp4.json */,
			);
			path = SampleData;
			sourceTree = "<group>";
		};
/* End PBXGroup section */

/* Begin PBXNativeTarget section */
		B725163B28C020A80094F29B /* NYSCV Unit Tests */ = {
			isa = PBXNativeTarget;
			buildConfigurationList = B725164228C020A80094F29B /* Build configuration list for PBXNativeTarget "NYSCV Unit Tests" */;
			buildPhases = (
				B725163828C020A80094F29B /* Sources */,
				B725163928C020A80094F29B /* Frameworks */,
				B725163A28C020A80094F29B /* Resources */,
			);
			buildRules = (
			);
			dependencies = (
				B725164128C020A80094F29B /* PBXTargetDependency */,
			);
			name = "NYSCV Unit Tests";
			productName = "NYSCV Unit Tests";
			productReference = B725163C28C020A80094F29B /* NYSCV Unit Tests.xctest */;
			productType = "com.apple.product-type.bundle.unit-test";
		};
		B7B46B0828C019F90004CA2D /* NYCSV (iOS) */ = {
			isa = PBXNativeTarget;
			buildConfigurationList = B7B46B3228C019F90004CA2D /* Build configuration list for PBXNativeTarget "NYCSV (iOS)" */;
			buildPhases = (
				B7B46B0528C019F90004CA2D /* Sources */,
				B7B46B0628C019F90004CA2D /* Frameworks */,
				B7B46B0728C019F90004CA2D /* Resources */,
			);
			buildRules = (
			);
			dependencies = (
			);
			name = "NYCSV (iOS)";
			productName = "NYCSV (iOS)";
			productReference = B7B46B0928C019F90004CA2D /* NYCSV.app */;
			productType = "com.apple.product-type.application";
		};
		B7B46B0E28C019F90004CA2D /* NYCSV (macOS) */ = {
			isa = PBXNativeTarget;
			buildConfigurationList = B7B46B3528C019F90004CA2D /* Build configuration list for PBXNativeTarget "NYCSV (macOS)" */;
			buildPhases = (
				B7B46B0B28C019F90004CA2D /* Sources */,
				B7B46B0C28C019F90004CA2D /* Frameworks */,
				B7B46B0D28C019F90004CA2D /* Resources */,
			);
			buildRules = (
			);
			dependencies = (
			);
			name = "NYCSV (macOS)";
			productName = "NYCSV (macOS)";
			productReference = B7B46B0F28C019F90004CA2D /* NYCSV.app */;
			productType = "com.apple.product-type.application";
		};
		B7B46B1528C019F90004CA2D /* Tests iOS */ = {
			isa = PBXNativeTarget;
			buildConfigurationList = B7B46B3828C019F90004CA2D /* Build configuration list for PBXNativeTarget "Tests iOS" */;
			buildPhases = (
				B7B46B1228C019F90004CA2D /* Sources */,
				B7B46B1328C019F90004CA2D /* Frameworks */,
				B7B46B1428C019F90004CA2D /* Resources */,
			);
			buildRules = (
			);
			dependencies = (
				B7B46B1828C019F90004CA2D /* PBXTargetDependency */,
			);
			name = "Tests iOS";
			productName = "Tests iOS";
			productReference = B7B46B1628C019F90004CA2D /* Tests iOS.xctest */;
			productType = "com.apple.product-type.bundle.ui-testing";
		};
		B7B46B2128C019F90004CA2D /* Tests macOS */ = {
			isa = PBXNativeTarget;
			buildConfigurationList = B7B46B3B28C019F90004CA2D /* Build configuration list for PBXNativeTarget "Tests macOS" */;
			buildPhases = (
				B7B46B1E28C019F90004CA2D /* Sources */,
				B7B46B1F28C019F90004CA2D /* Frameworks */,
				B7B46B2028C019F90004CA2D /* Resources */,
			);
			buildRules = (
			);
			dependencies = (
				B7B46B2428C019F90004CA2D /* PBXTargetDependency */,
			);
			name = "Tests macOS";
			productName = "Tests macOS";
			productReference = B7B46B2228C019F90004CA2D /* Tests macOS.xctest */;
			productType = "com.apple.product-type.bundle.ui-testing";
		};
/* End PBXNativeTarget section */

/* Begin PBXProject section */
		B7B46AFD28C019F80004CA2D /* Project object */ = {
			isa = PBXProject;
			attributes = {
				BuildIndependentTargetsInParallel = 1;
				LastSwiftUpdateCheck = 1340;
				LastUpgradeCheck = 1340;
				TargetAttributes = {
					B725163B28C020A80094F29B = {
						CreatedOnToolsVersion = 13.4.1;
						TestTargetID = B7B46B0E28C019F90004CA2D;
					};
					B7B46B0828C019F90004CA2D = {
						CreatedOnToolsVersion = 13.4.1;
					};
					B7B46B0E28C019F90004CA2D = {
						CreatedOnToolsVersion = 13.4.1;
					};
					B7B46B1528C019F90004CA2D = {
						CreatedOnToolsVersion = 13.4.1;
						TestTargetID = B7B46B0828C019F90004CA2D;
					};
					B7B46B2128C019F90004CA2D = {
						CreatedOnToolsVersion = 13.4.1;
						TestTargetID = B7B46B0E28C019F90004CA2D;
					};
				};
			};
			buildConfigurationList = B7B46B0028C019F80004CA2D /* Build configuration list for PBXProject "NYCSV" */;
			compatibilityVersion = "Xcode 13.0";
			developmentRegion = en;
			hasScannedForEncodings = 0;
			knownRegions = (
				en,
				Base,
			);
			mainGroup = B7B46AFC28C019F80004CA2D;
			productRefGroup = B7B46B0A28C019F90004CA2D /* Products */;
			projectDirPath = "";
			projectRoot = "";
			targets = (
				B7B46B0828C019F90004CA2D /* NYCSV (iOS) */,
				B7B46B0E28C019F90004CA2D /* NYCSV (macOS) */,
				B7B46B1528C019F90004CA2D /* Tests iOS */,
				B7B46B2128C019F90004CA2D /* Tests macOS */,
				B725163B28C020A80094F29B /* NYSCV Unit Tests */,
			);
		};
/* End PBXProject section */

/* Begin PBXResourcesBuildPhase section */
		B725163A28C020A80094F29B /* Resources */ = {
			isa = PBXResourcesBuildPhase;
			buildActionMask = 2147483647;
			files = (
			);
			runOnlyForDeploymentPostprocessing = 0;
		};
		B7B46B0728C019F90004CA2D /* Resources */ = {
			isa = PBXResourcesBuildPhase;
			buildActionMask = 2147483647;
			files = (
				B725164828C024870094F29B /* f9bf-2cp4.json in Resources */,
				B7B46B2E28C019F90004CA2D /* Assets.xcassets in Resources */,
				B725165928C034320094F29B /* README.md in Resources */,
				B7B46B4328C01B4F0004CA2D /* s3k6-pzi2.json in Resources */,
			);
			runOnlyForDeploymentPostprocessing = 0;
		};
		B7B46B0D28C019F90004CA2D /* Resources */ = {
			isa = PBXResourcesBuildPhase;
			buildActionMask = 2147483647;
			files = (
				B725164928C024870094F29B /* f9bf-2cp4.json in Resources */,
				B7B46B2F28C019F90004CA2D /* Assets.xcassets in Resources */,
				B725165A28C034320094F29B /* README.md in Resources */,
				B7B46B4428C01B4F0004CA2D /* s3k6-pzi2.json in Resources */,
			);
			runOnlyForDeploymentPostprocessing = 0;
		};
		B7B46B1428C019F90004CA2D /* Resources */ = {
			isa = PBXResourcesBuildPhase;
			buildActionMask = 2147483647;
			files = (
			);
			runOnlyForDeploymentPostprocessing = 0;
		};
		B7B46B2028C019F90004CA2D /* Resources */ = {
			isa = PBXResourcesBuildPhase;
			buildActionMask = 2147483647;
			files = (
			);
			runOnlyForDeploymentPostprocessing = 0;
		};
/* End PBXResourcesBuildPhase section */

/* Begin PBXSourcesBuildPhase section */
		B725163828C020A80094F29B /* Sources */ = {
			isa = PBXSourcesBuildPhase;
			buildActionMask = 2147483647;
			files = (
				B71D6C5F28C1897A009ACF14 /* TestBundle.swift in Sources */,
				B725166028C03A090094F29B /* NYCSV_NetworkTests.swift in Sources */,
				B725163F28C020A80094F29B /* NYCSV_UnitTests.swift in Sources */,
			);
			runOnlyForDeploymentPostprocessing = 0;
		};
		B7B46B0528C019F90004CA2D /* Sources */ = {
			isa = PBXSourcesBuildPhase;
			buildActionMask = 2147483647;
			files = (
				B71D6C5B28C1878D009ACF14 /* NYCSVDetailView.swift in Sources */,
				B725168828C16CCF0094F29B /* NYCSVListView.swift in Sources */,
				B725166F28C052B20094F29B /* NYCSVAppState.swift in Sources */,
				B725166C28C04DEA0094F29B /* NYCSVRoot.swift in Sources */,
				B725165228C029FB0094F29B /* SATScoresModel.swift in Sources */,
				B725166428C03B110094F29B /* RequestVending.swift in Sources */,
				B725164C28C026B90094F29B /* SchoolModel.swift in Sources */,
				B725165D28C0353F0094F29B /* Networking.swift in Sources */,
				B725166728C043D90094F29B /* SchoolMetaFetcher.swift in Sources */,
				B725165528C02ACC0094F29B /* SchoolMetaPair.swift in Sources */,
				B71D6C6128C263FE009ACF14 /* NYCSVListViewCell.swift in Sources */,
				B7B46B4028C01A5C0004CA2D /* SampleData.swift in Sources */,
				B7B46B2A28C019F90004CA2D /* NYCSVApp.swift in Sources */,
				B725164F28C027C90094F29B /* SharedModeling.swift in Sources */,
			);
			runOnlyForDeploymentPostprocessing = 0;
		};
		B7B46B0B28C019F90004CA2D /* Sources */ = {
			isa = PBXSourcesBuildPhase;
			buildActionMask = 2147483647;
			files = (
				B71D6C5C28C1878D009ACF14 /* NYCSVDetailView.swift in Sources */,
				B725168928C16CCF0094F29B /* NYCSVListView.swift in Sources */,
				B725167028C052B20094F29B /* NYCSVAppState.swift in Sources */,
				B725166D28C04DEA0094F29B /* NYCSVRoot.swift in Sources */,
				B725165328C029FB0094F29B /* SATScoresModel.swift in Sources */,
				B725166528C03B110094F29B /* RequestVending.swift in Sources */,
				B725164D28C026B90094F29B /* SchoolModel.swift in Sources */,
				B725165E28C0353F0094F29B /* Networking.swift in Sources */,
				B725166828C043D90094F29B /* SchoolMetaFetcher.swift in Sources */,
				B725165628C02ACC0094F29B /* SchoolMetaPair.swift in Sources */,
				B71D6C6228C263FE009ACF14 /* NYCSVListViewCell.swift in Sources */,
				B7B46B4128C01A5C0004CA2D /* SampleData.swift in Sources */,
				B7B46B2B28C019F90004CA2D /* NYCSVApp.swift in Sources */,
				B725165028C027C90094F29B /* SharedModeling.swift in Sources */,
			);
			runOnlyForDeploymentPostprocessing = 0;
		};
		B7B46B1228C019F90004CA2D /* Sources */ = {
			isa = PBXSourcesBuildPhase;
			buildActionMask = 2147483647;
			files = (
				B7B46B1D28C019F90004CA2D /* Tests_iOSLaunchTests.swift in Sources */,
				B7B46B1B28C019F90004CA2D /* Tests_iOS.swift in Sources */,
			);
			runOnlyForDeploymentPostprocessing = 0;
		};
		B7B46B1E28C019F90004CA2D /* Sources */ = {
			isa = PBXSourcesBuildPhase;
			buildActionMask = 2147483647;
			files = (
				B7B46B2928C019F90004CA2D /* Tests_macOSLaunchTests.swift in Sources */,
				B7B46B4628C01E400004CA2D /* Tests_NYCSV.swift in Sources */,
			);
			runOnlyForDeploymentPostprocessing = 0;
		};
/* End PBXSourcesBuildPhase section */

/* Begin PBXTargetDependency section */
		B725164128C020A80094F29B /* PBXTargetDependency */ = {
			isa = PBXTargetDependency;
			target = B7B46B0E28C019F90004CA2D /* NYCSV (macOS) */;
			targetProxy = B725164028C020A80094F29B /* PBXContainerItemProxy */;
		};
		B7B46B1828C019F90004CA2D /* PBXTargetDependency */ = {
			isa = PBXTargetDependency;
			target = B7B46B0828C019F90004CA2D /* NYCSV (iOS) */;
			targetProxy = B7B46B1728C019F90004CA2D /* PBXContainerItemProxy */;
		};
		B7B46B2428C019F90004CA2D /* PBXTargetDependency */ = {
			isa = PBXTargetDependency;
			target = B7B46B0E28C019F90004CA2D /* NYCSV (macOS) */;
			targetProxy = B7B46B2328C019F90004CA2D /* PBXContainerItemProxy */;
		};
/* End PBXTargetDependency section */

/* Begin XCBuildConfiguration section */
		B725164328C020A80094F29B /* Debug */ = {
			isa = XCBuildConfiguration;
			buildSettings = {
				BUNDLE_LOADER = "$(TEST_HOST)";
				CODE_SIGN_STYLE = Automatic;
				CURRENT_PROJECT_VERSION = 1;
				DEVELOPMENT_TEAM = XR2HQNSZ68;
				GENERATE_INFOPLIST_FILE = YES;
				MACOSX_DEPLOYMENT_TARGET = 12.3;
				MARKETING_VERSION = 1.0;
				PRODUCT_BUNDLE_IDENTIFIER = "com.lugodev.NYSCV-Unit-Tests";
				PRODUCT_NAME = "$(TARGET_NAME)";
				SDKROOT = macosx;
				SWIFT_EMIT_LOC_STRINGS = NO;
				SWIFT_VERSION = 5.0;
				TEST_HOST = "$(BUILT_PRODUCTS_DIR)/NYCSV.app/Contents/MacOS/NYCSV";
			};
			name = Debug;
		};
		B725164428C020A80094F29B /* Release */ = {
			isa = XCBuildConfiguration;
			buildSettings = {
				BUNDLE_LOADER = "$(TEST_HOST)";
				CODE_SIGN_STYLE = Automatic;
				CURRENT_PROJECT_VERSION = 1;
				DEVELOPMENT_TEAM = XR2HQNSZ68;
				GENERATE_INFOPLIST_FILE = YES;
				MACOSX_DEPLOYMENT_TARGET = 12.3;
				MARKETING_VERSION = 1.0;
				PRODUCT_BUNDLE_IDENTIFIER = "com.lugodev.NYSCV-Unit-Tests";
				PRODUCT_NAME = "$(TARGET_NAME)";
				SDKROOT = macosx;
				SWIFT_EMIT_LOC_STRINGS = NO;
				SWIFT_VERSION = 5.0;
				TEST_HOST = "$(BUILT_PRODUCTS_DIR)/NYCSV.app/Contents/MacOS/NYCSV";
			};
			name = Release;
		};
		B7B46B3028C019F90004CA2D /* Debug */ = {
			isa = XCBuildConfiguration;
			buildSettings = {
				ALWAYS_SEARCH_USER_PATHS = NO;
				CLANG_ANALYZER_NONNULL = YES;
				CLANG_ANALYZER_NUMBER_OBJECT_CONVERSION = YES_AGGRESSIVE;
				CLANG_CXX_LANGUAGE_STANDARD = "gnu++17";
				CLANG_ENABLE_MODULES = YES;
				CLANG_ENABLE_OBJC_ARC = YES;
				CLANG_ENABLE_OBJC_WEAK = YES;
				CLANG_WARN_BLOCK_CAPTURE_AUTORELEASING = YES;
				CLANG_WARN_BOOL_CONVERSION = YES;
				CLANG_WARN_COMMA = YES;
				CLANG_WARN_CONSTANT_CONVERSION = YES;
				CLANG_WARN_DEPRECATED_OBJC_IMPLEMENTATIONS = YES;
				CLANG_WARN_DIRECT_OBJC_ISA_USAGE = YES_ERROR;
				CLANG_WARN_DOCUMENTATION_COMMENTS = YES;
				CLANG_WARN_EMPTY_BODY = YES;
				CLANG_WARN_ENUM_CONVERSION = YES;
				CLANG_WARN_INFINITE_RECURSION = YES;
				CLANG_WARN_INT_CONVERSION = YES;
				CLANG_WARN_NON_LITERAL_NULL_CONVERSION = YES;
				CLANG_WARN_OBJC_IMPLICIT_RETAIN_SELF = YES;
				CLANG_WARN_OBJC_LITERAL_CONVERSION = YES;
				CLANG_WARN_OBJC_ROOT_CLASS = YES_ERROR;
				CLANG_WARN_QUOTED_INCLUDE_IN_FRAMEWORK_HEADER = YES;
				CLANG_WARN_RANGE_LOOP_ANALYSIS = YES;
				CLANG_WARN_STRICT_PROTOTYPES = YES;
				CLANG_WARN_SUSPICIOUS_MOVE = YES;
				CLANG_WARN_UNGUARDED_AVAILABILITY = YES_AGGRESSIVE;
				CLANG_WARN_UNREACHABLE_CODE = YES;
				CLANG_WARN__DUPLICATE_METHOD_MATCH = YES;
				COPY_PHASE_STRIP = NO;
				DEBUG_INFORMATION_FORMAT = dwarf;
				ENABLE_STRICT_OBJC_MSGSEND = YES;
				ENABLE_TESTABILITY = YES;
				GCC_C_LANGUAGE_STANDARD = gnu11;
				GCC_DYNAMIC_NO_PIC = NO;
				GCC_NO_COMMON_BLOCKS = YES;
				GCC_OPTIMIZATION_LEVEL = 0;
				GCC_PREPROCESSOR_DEFINITIONS = (
					"DEBUG=1",
					"$(inherited)",
				);
				GCC_WARN_64_TO_32_BIT_CONVERSION = YES;
				GCC_WARN_ABOUT_RETURN_TYPE = YES_ERROR;
				GCC_WARN_UNDECLARED_SELECTOR = YES;
				GCC_WARN_UNINITIALIZED_AUTOS = YES_AGGRESSIVE;
				GCC_WARN_UNUSED_FUNCTION = YES;
				GCC_WARN_UNUSED_VARIABLE = YES;
				MTL_ENABLE_DEBUG_INFO = INCLUDE_SOURCE;
				MTL_FAST_MATH = YES;
				ONLY_ACTIVE_ARCH = YES;
				SWIFT_ACTIVE_COMPILATION_CONDITIONS = DEBUG;
				SWIFT_OPTIMIZATION_LEVEL = "-Onone";
			};
			name = Debug;
		};
		B7B46B3128C019F90004CA2D /* Release */ = {
			isa = XCBuildConfiguration;
			buildSettings = {
				ALWAYS_SEARCH_USER_PATHS = NO;
				CLANG_ANALYZER_NONNULL = YES;
				CLANG_ANALYZER_NUMBER_OBJECT_CONVERSION = YES_AGGRESSIVE;
				CLANG_CXX_LANGUAGE_STANDARD = "gnu++17";
				CLANG_ENABLE_MODULES = YES;
				CLANG_ENABLE_OBJC_ARC = YES;
				CLANG_ENABLE_OBJC_WEAK = YES;
				CLANG_WARN_BLOCK_CAPTURE_AUTORELEASING = YES;
				CLANG_WARN_BOOL_CONVERSION = YES;
				CLANG_WARN_COMMA = YES;
				CLANG_WARN_CONSTANT_CONVERSION = YES;
				CLANG_WARN_DEPRECATED_OBJC_IMPLEMENTATIONS = YES;
				CLANG_WARN_DIRECT_OBJC_ISA_USAGE = YES_ERROR;
				CLANG_WARN_DOCUMENTATION_COMMENTS = YES;
				CLANG_WARN_EMPTY_BODY = YES;
				CLANG_WARN_ENUM_CONVERSION = YES;
				CLANG_WARN_INFINITE_RECURSION = YES;
				CLANG_WARN_INT_CONVERSION = YES;
				CLANG_WARN_NON_LITERAL_NULL_CONVERSION = YES;
				CLANG_WARN_OBJC_IMPLICIT_RETAIN_SELF = YES;
				CLANG_WARN_OBJC_LITERAL_CONVERSION = YES;
				CLANG_WARN_OBJC_ROOT_CLASS = YES_ERROR;
				CLANG_WARN_QUOTED_INCLUDE_IN_FRAMEWORK_HEADER = YES;
				CLANG_WARN_RANGE_LOOP_ANALYSIS = YES;
				CLANG_WARN_STRICT_PROTOTYPES = YES;
				CLANG_WARN_SUSPICIOUS_MOVE = YES;
				CLANG_WARN_UNGUARDED_AVAILABILITY = YES_AGGRESSIVE;
				CLANG_WARN_UNREACHABLE_CODE = YES;
				CLANG_WARN__DUPLICATE_METHOD_MATCH = YES;
				COPY_PHASE_STRIP = NO;
				DEBUG_INFORMATION_FORMAT = "dwarf-with-dsym";
				ENABLE_NS_ASSERTIONS = NO;
				ENABLE_STRICT_OBJC_MSGSEND = YES;
				GCC_C_LANGUAGE_STANDARD = gnu11;
				GCC_NO_COMMON_BLOCKS = YES;
				GCC_WARN_64_TO_32_BIT_CONVERSION = YES;
				GCC_WARN_ABOUT_RETURN_TYPE = YES_ERROR;
				GCC_WARN_UNDECLARED_SELECTOR = YES;
				GCC_WARN_UNINITIALIZED_AUTOS = YES_AGGRESSIVE;
				GCC_WARN_UNUSED_FUNCTION = YES;
				GCC_WARN_UNUSED_VARIABLE = YES;
				MTL_ENABLE_DEBUG_INFO = NO;
				MTL_FAST_MATH = YES;
				SWIFT_COMPILATION_MODE = wholemodule;
				SWIFT_OPTIMIZATION_LEVEL = "-O";
			};
			name = Release;
		};
		B7B46B3328C019F90004CA2D /* Debug */ = {
			isa = XCBuildConfiguration;
			buildSettings = {
				ASSETCATALOG_COMPILER_APPICON_NAME = AppIcon;
				ASSETCATALOG_COMPILER_GLOBAL_ACCENT_COLOR_NAME = AccentColor;
				CODE_SIGN_STYLE = Automatic;
				CURRENT_PROJECT_VERSION = 1;
				DEVELOPMENT_TEAM = XR2HQNSZ68;
				ENABLE_PREVIEWS = YES;
				GENERATE_INFOPLIST_FILE = YES;
				INFOPLIST_KEY_UIApplicationSceneManifest_Generation = YES;
				INFOPLIST_KEY_UIApplicationSupportsIndirectInputEvents = YES;
				INFOPLIST_KEY_UILaunchScreen_Generation = YES;
				INFOPLIST_KEY_UISupportedInterfaceOrientations_iPad = "UIInterfaceOrientationPortrait UIInterfaceOrientationPortraitUpsideDown UIInterfaceOrientationLandscapeLeft UIInterfaceOrientationLandscapeRight";
				INFOPLIST_KEY_UISupportedInterfaceOrientations_iPhone = "UIInterfaceOrientationPortrait UIInterfaceOrientationLandscapeLeft UIInterfaceOrientationLandscapeRight";
				IPHONEOS_DEPLOYMENT_TARGET = 15.5;
				LD_RUNPATH_SEARCH_PATHS = (
					"$(inherited)",
					"@executable_path/Frameworks",
				);
				MARKETING_VERSION = 1.0;
				PRODUCT_BUNDLE_IDENTIFIER = com.lugodev.NYCSV;
				PRODUCT_NAME = NYCSV;
				SDKROOT = iphoneos;
				SWIFT_EMIT_LOC_STRINGS = YES;
				SWIFT_VERSION = 5.0;
				TARGETED_DEVICE_FAMILY = "1,2";
			};
			name = Debug;
		};
		B7B46B3428C019F90004CA2D /* Release */ = {
			isa = XCBuildConfiguration;
			buildSettings = {
				ASSETCATALOG_COMPILER_APPICON_NAME = AppIcon;
				ASSETCATALOG_COMPILER_GLOBAL_ACCENT_COLOR_NAME = AccentColor;
				CODE_SIGN_STYLE = Automatic;
				CURRENT_PROJECT_VERSION = 1;
				DEVELOPMENT_TEAM = XR2HQNSZ68;
				ENABLE_PREVIEWS = YES;
				GENERATE_INFOPLIST_FILE = YES;
				INFOPLIST_KEY_UIApplicationSceneManifest_Generation = YES;
				INFOPLIST_KEY_UIApplicationSupportsIndirectInputEvents = YES;
				INFOPLIST_KEY_UILaunchScreen_Generation = YES;
				INFOPLIST_KEY_UISupportedInterfaceOrientations_iPad = "UIInterfaceOrientationPortrait UIInterfaceOrientationPortraitUpsideDown UIInterfaceOrientationLandscapeLeft UIInterfaceOrientationLandscapeRight";
				INFOPLIST_KEY_UISupportedInterfaceOrientations_iPhone = "UIInterfaceOrientationPortrait UIInterfaceOrientationLandscapeLeft UIInterfaceOrientationLandscapeRight";
				IPHONEOS_DEPLOYMENT_TARGET = 15.5;
				LD_RUNPATH_SEARCH_PATHS = (
					"$(inherited)",
					"@executable_path/Frameworks",
				);
				MARKETING_VERSION = 1.0;
				PRODUCT_BUNDLE_IDENTIFIER = com.lugodev.NYCSV;
				PRODUCT_NAME = NYCSV;
				SDKROOT = iphoneos;
				SWIFT_EMIT_LOC_STRINGS = YES;
				SWIFT_VERSION = 5.0;
				TARGETED_DEVICE_FAMILY = "1,2";
				VALIDATE_PRODUCT = YES;
			};
			name = Release;
		};
		B7B46B3628C019F90004CA2D /* Debug */ = {
			isa = XCBuildConfiguration;
			buildSettings = {
				ASSETCATALOG_COMPILER_APPICON_NAME = AppIcon;
				ASSETCATALOG_COMPILER_GLOBAL_ACCENT_COLOR_NAME = AccentColor;
				CODE_SIGN_ENTITLEMENTS = macOS/macOS.entitlements;
				CODE_SIGN_STYLE = Automatic;
				COMBINE_HIDPI_IMAGES = YES;
				CURRENT_PROJECT_VERSION = 1;
				DEVELOPMENT_TEAM = XR2HQNSZ68;
				ENABLE_HARDENED_RUNTIME = YES;
				ENABLE_PREVIEWS = YES;
				GENERATE_INFOPLIST_FILE = YES;
				INFOPLIST_KEY_NSHumanReadableCopyright = "";
				LD_RUNPATH_SEARCH_PATHS = (
					"$(inherited)",
					"@executable_path/../Frameworks",
				);
				MACOSX_DEPLOYMENT_TARGET = 12.3;
				MARKETING_VERSION = 1.0;
				PRODUCT_BUNDLE_IDENTIFIER = com.lugodev.NYCSV;
				PRODUCT_NAME = NYCSV;
				SDKROOT = macosx;
				SWIFT_EMIT_LOC_STRINGS = YES;
				SWIFT_VERSION = 5.0;
			};
			name = Debug;
		};
		B7B46B3728C019F90004CA2D /* Release */ = {
			isa = XCBuildConfiguration;
			buildSettings = {
				ASSETCATALOG_COMPILER_APPICON_NAME = AppIcon;
				ASSETCATALOG_COMPILER_GLOBAL_ACCENT_COLOR_NAME = AccentColor;
				CODE_SIGN_ENTITLEMENTS = macOS/macOS.entitlements;
				CODE_SIGN_STYLE = Automatic;
				COMBINE_HIDPI_IMAGES = YES;
				CURRENT_PROJECT_VERSION = 1;
				DEVELOPMENT_TEAM = XR2HQNSZ68;
				ENABLE_HARDENED_RUNTIME = YES;
				ENABLE_PREVIEWS = YES;
				GENERATE_INFOPLIST_FILE = YES;
				INFOPLIST_KEY_NSHumanReadableCopyright = "";
				LD_RUNPATH_SEARCH_PATHS = (
					"$(inherited)",
					"@executable_path/../Frameworks",
				);
				MACOSX_DEPLOYMENT_TARGET = 12.3;
				MARKETING_VERSION = 1.0;
				PRODUCT_BUNDLE_IDENTIFIER = com.lugodev.NYCSV;
				PRODUCT_NAME = NYCSV;
				SDKROOT = macosx;
				SWIFT_EMIT_LOC_STRINGS = YES;
				SWIFT_VERSION = 5.0;
			};
			name = Release;
		};
		B7B46B3928C019F90004CA2D /* Debug */ = {
			isa = XCBuildConfiguration;
			buildSettings = {
				ALWAYS_EMBED_SWIFT_STANDARD_LIBRARIES = YES;
				CODE_SIGN_STYLE = Automatic;
				CURRENT_PROJECT_VERSION = 1;
				DEVELOPMENT_TEAM = XR2HQNSZ68;
				GENERATE_INFOPLIST_FILE = YES;
				IPHONEOS_DEPLOYMENT_TARGET = 15.5;
				MARKETING_VERSION = 1.0;
				PRODUCT_BUNDLE_IDENTIFIER = "com.lugodev.Tests-iOS";
				PRODUCT_NAME = "$(TARGET_NAME)";
				SDKROOT = iphoneos;
				SWIFT_EMIT_LOC_STRINGS = NO;
				SWIFT_VERSION = 5.0;
				TARGETED_DEVICE_FAMILY = "1,2";
				TEST_TARGET_NAME = "NYCSV (iOS)";
			};
			name = Debug;
		};
		B7B46B3A28C019F90004CA2D /* Release */ = {
			isa = XCBuildConfiguration;
			buildSettings = {
				ALWAYS_EMBED_SWIFT_STANDARD_LIBRARIES = YES;
				CODE_SIGN_STYLE = Automatic;
				CURRENT_PROJECT_VERSION = 1;
				DEVELOPMENT_TEAM = XR2HQNSZ68;
				GENERATE_INFOPLIST_FILE = YES;
				IPHONEOS_DEPLOYMENT_TARGET = 15.5;
				MARKETING_VERSION = 1.0;
				PRODUCT_BUNDLE_IDENTIFIER = "com.lugodev.Tests-iOS";
				PRODUCT_NAME = "$(TARGET_NAME)";
				SDKROOT = iphoneos;
				SWIFT_EMIT_LOC_STRINGS = NO;
				SWIFT_VERSION = 5.0;
				TARGETED_DEVICE_FAMILY = "1,2";
				TEST_TARGET_NAME = "NYCSV (iOS)";
				VALIDATE_PRODUCT = YES;
			};
			name = Release;
		};
		B7B46B3C28C019F90004CA2D /* Debug */ = {
			isa = XCBuildConfiguration;
			buildSettings = {
				ALWAYS_EMBED_SWIFT_STANDARD_LIBRARIES = YES;
				CODE_SIGN_STYLE = Automatic;
				CURRENT_PROJECT_VERSION = 1;
				DEVELOPMENT_TEAM = XR2HQNSZ68;
				GENERATE_INFOPLIST_FILE = YES;
				MACOSX_DEPLOYMENT_TARGET = 12.3;
				MARKETING_VERSION = 1.0;
				PRODUCT_BUNDLE_IDENTIFIER = "com.lugodev.Tests-macOS";
				PRODUCT_NAME = "$(TARGET_NAME)";
				SDKROOT = macosx;
				SWIFT_EMIT_LOC_STRINGS = NO;
				SWIFT_VERSION = 5.0;
				TEST_TARGET_NAME = "NYCSV (macOS)";
			};
			name = Debug;
		};
		B7B46B3D28C019F90004CA2D /* Release */ = {
			isa = XCBuildConfiguration;
			buildSettings = {
				ALWAYS_EMBED_SWIFT_STANDARD_LIBRARIES = YES;
				CODE_SIGN_STYLE = Automatic;
				CURRENT_PROJECT_VERSION = 1;
				DEVELOPMENT_TEAM = XR2HQNSZ68;
				GENERATE_INFOPLIST_FILE = YES;
				MACOSX_DEPLOYMENT_TARGET = 12.3;
				MARKETING_VERSION = 1.0;
				PRODUCT_BUNDLE_IDENTIFIER = "com.lugodev.Tests-macOS";
				PRODUCT_NAME = "$(TARGET_NAME)";
				SDKROOT = macosx;
				SWIFT_EMIT_LOC_STRINGS = NO;
				SWIFT_VERSION = 5.0;
				TEST_TARGET_NAME = "NYCSV (macOS)";
			};
			name = Release;
		};
/* End XCBuildConfiguration section */

/* Begin XCConfigurationList section */
		B725164228C020A80094F29B /* Build configuration list for PBXNativeTarget "NYSCV Unit Tests" */ = {
			isa = XCConfigurationList;
			buildConfigurations = (
				B725164328C020A80094F29B /* Debug */,
				B725164428C020A80094F29B /* Release */,
			);
			defaultConfigurationIsVisible = 0;
			defaultConfigurationName = Release;
		};
		B7B46B0028C019F80004CA2D /* Build configuration list for PBXProject "NYCSV" */ = {
			isa = XCConfigurationList;
			buildConfigurations = (
				B7B46B3028C019F90004CA2D /* Debug */,
				B7B46B3128C019F90004CA2D /* Release */,
			);
			defaultConfigurationIsVisible = 0;
			defaultConfigurationName = Release;
		};
		B7B46B3228C019F90004CA2D /* Build configuration list for PBXNativeTarget "NYCSV (iOS)" */ = {
			isa = XCConfigurationList;
			buildConfigurations = (
				B7B46B3328C019F90004CA2D /* Debug */,
				B7B46B3428C019F90004CA2D /* Release */,
			);
			defaultConfigurationIsVisible = 0;
			defaultConfigurationName = Release;
		};
		B7B46B3528C019F90004CA2D /* Build configuration list for PBXNativeTarget "NYCSV (macOS)" */ = {
			isa = XCConfigurationList;
			buildConfigurations = (
				B7B46B3628C019F90004CA2D /* Debug */,
				B7B46B3728C019F90004CA2D /* Release */,
			);
			defaultConfigurationIsVisible = 0;
			defaultConfigurationName = Release;
		};
		B7B46B3828C019F90004CA2D /* Build configuration list for PBXNativeTarget "Tests iOS" */ = {
			isa = XCConfigurationList;
			buildConfigurations = (
				B7B46B3928C019F90004CA2D /* Debug */,
				B7B46B3A28C019F90004CA2D /* Release */,
			);
			defaultConfigurationIsVisible = 0;
			defaultConfigurationName = Release;
		};
		B7B46B3B28C019F90004CA2D /* Build configuration list for PBXNativeTarget "Tests macOS" */ = {
			isa = XCConfigurationList;
			buildConfigurations = (
				B7B46B3C28C019F90004CA2D /* Debug */,
				B7B46B3D28C019F90004CA2D /* Release */,
			);
			defaultConfigurationIsVisible = 0;
			defaultConfigurationName = Release;
		};
/* End XCConfigurationList section */
	};
	rootObject = B7B46AFD28C019F80004CA2D /* Project object */;
}
